
Microsoft Visual Studio Solution File, Format Version 12.00
# Visual Studio Version 16
VisualStudioVersion = 16.0.30907.101
MinimumVisualStudioVersion = 10.0.40219.1
Project("{FAE04EC0-301F-11D3-BF4B-00C04F79EFBC}") = "Product.API", "Product.API.csproj", "{1604B696-F245-46F8-B167-F06261A287D6}"
EndProject
Global
	GlobalSection(SolutionConfigurationPlatforms) = preSolution
		Debug|Any CPU = Debug|Any CPU
		Release|Any CPU = Release|Any CPU
	EndGlobalSection
	GlobalSection(ProjectConfigurationPlatforms) = postSolution
		{1604B696-F245-46F8-B167-F06261A287D6}.Debug|Any CPU.ActiveCfg = Debug|Any CPU
		{1604B696-F245-46F8-B167-F06261A287D6}.Debug|Any CPU.Build.0 = Debug|Any CPU
		{1604B696-F245-46F8-B167-F06261A287D6}.Release|Any CPU.ActiveCfg = Release|Any CPU
		{1604B696-F245-46F8-B167-F06261A287D6}.Release|Any CPU.Build.0 = Release|Any CPU
	EndGlobalSection
	GlobalSection(SolutionProperties) = preSolution
		HideSolutionNode = FALSE
	EndGlobalSection
	GlobalSection(ExtensibilityGlobals) = postSolution
		SolutionGuid = {0B3CCA04-B0F3-40D7-81D0-F18C7631AAD9}
	EndGlobalSection
EndGlobal
